// !$*UTF8*$!
{
	archiveVersion = 1;
	classes = {
	};
	objectVersion = 56;
	objects = {

/* Begin PBXBuildFile section */
		0903B0522ADED471009DA000 /* InputPhoneNumViewController.swift in Sources */ = {isa = PBXBuildFile; fileRef = 0903B0512ADED471009DA000 /* InputPhoneNumViewController.swift */; };
		0903B0552ADED4E0009DA000 /* CustomNaviBar.swift in Sources */ = {isa = PBXBuildFile; fileRef = 0903B0542ADED4E0009DA000 /* CustomNaviBar.swift */; };
		0903B0572ADED96C009DA000 /* BaseView.swift in Sources */ = {isa = PBXBuildFile; fileRef = 0903B0562ADED96C009DA000 /* BaseView.swift */; };
		0909A5C02AE7C0F3004D6E99 /* PopupViewController.swift in Sources */ = {isa = PBXBuildFile; fileRef = 0909A5BF2AE7C0F3004D6E99 /* PopupViewController.swift */; };
		0909A5C32AE7CB59004D6E99 /* WriteViewController.swift in Sources */ = {isa = PBXBuildFile; fileRef = 0909A5C22AE7CB59004D6E99 /* WriteViewController.swift */; };
		0909A5C52AE7D6B5004D6E99 /* WriteViewModel.swift in Sources */ = {isa = PBXBuildFile; fileRef = 0909A5C42AE7D6B5004D6E99 /* WriteViewModel.swift */; };
		0909A5C92AE7E20C004D6E99 /* NSMutableAttributedString+.swift in Sources */ = {isa = PBXBuildFile; fileRef = 0909A5C82AE7E20C004D6E99 /* NSMutableAttributedString+.swift */; };
		0909A5CB2AE7EDBE004D6E99 /* InputPhoneViewModel.swift in Sources */ = {isa = PBXBuildFile; fileRef = 0909A5CA2AE7EDBE004D6E99 /* InputPhoneViewModel.swift */; };
		0936AB2D2AF1359600DD321F /* SearchAddressViewController.swift in Sources */ = {isa = PBXBuildFile; fileRef = 0936AB2C2AF1359600DD321F /* SearchAddressViewController.swift */; };
		0950FA162AD951A60038A20E /* ErrorTracker.swift in Sources */ = {isa = PBXBuildFile; fileRef = 0950FA152AD951A60038A20E /* ErrorTracker.swift */; };
		0950FA192AD9A3C20038A20E /* LoginDTO.swift in Sources */ = {isa = PBXBuildFile; fileRef = 0950FA182AD9A3C20038A20E /* LoginDTO.swift */; };
		0950FA1C2AD9A4BD0038A20E /* AuthError.swift in Sources */ = {isa = PBXBuildFile; fileRef = 0950FA1B2AD9A4BD0038A20E /* AuthError.swift */; };
		0952E4512AB02BB600AEA429 /* AppDelegate.swift in Sources */ = {isa = PBXBuildFile; fileRef = 0952E4502AB02BB600AEA429 /* AppDelegate.swift */; };
		0952E4532AB02BB600AEA429 /* SceneDelegate.swift in Sources */ = {isa = PBXBuildFile; fileRef = 0952E4522AB02BB600AEA429 /* SceneDelegate.swift */; };
		0952E4552AB02BB600AEA429 /* BaseViewController.swift in Sources */ = {isa = PBXBuildFile; fileRef = 0952E4542AB02BB600AEA429 /* BaseViewController.swift */; };
		0952E45A2AB02BBB00AEA429 /* Assets.xcassets in Resources */ = {isa = PBXBuildFile; fileRef = 0952E4592AB02BBB00AEA429 /* Assets.xcassets */; };
		0952E45D2AB02BBB00AEA429 /* LaunchScreen.storyboard in Resources */ = {isa = PBXBuildFile; fileRef = 0952E45B2AB02BBB00AEA429 /* LaunchScreen.storyboard */; };
		09555CE32AB1C54F00974A2E /* Colors.swift in Sources */ = {isa = PBXBuildFile; fileRef = 09555CE22AB1C54F00974A2E /* Colors.swift */; };
		09555CE62AB1C5E600974A2E /* Fonts.swift in Sources */ = {isa = PBXBuildFile; fileRef = 09555CE52AB1C5E600974A2E /* Fonts.swift */; };
		09555CF02AB1C61100974A2E /* SUIT-Light.ttf in Resources */ = {isa = PBXBuildFile; fileRef = 09555CE72AB1C60C00974A2E /* SUIT-Light.ttf */; };
		09555CF12AB1C61100974A2E /* SUIT-Regular.ttf in Resources */ = {isa = PBXBuildFile; fileRef = 09555CE82AB1C60D00974A2E /* SUIT-Regular.ttf */; };
		09555CF22AB1C61100974A2E /* SUIT-Heavy.ttf in Resources */ = {isa = PBXBuildFile; fileRef = 09555CE92AB1C60D00974A2E /* SUIT-Heavy.ttf */; };
		09555CF32AB1C61100974A2E /* SUIT-Bold.ttf in Resources */ = {isa = PBXBuildFile; fileRef = 09555CEA2AB1C60E00974A2E /* SUIT-Bold.ttf */; };
		09555CF42AB1C61100974A2E /* SUIT-Medium.ttf in Resources */ = {isa = PBXBuildFile; fileRef = 09555CEB2AB1C60F00974A2E /* SUIT-Medium.ttf */; };
		09555CF52AB1C61100974A2E /* SUIT-ExtraBold.ttf in Resources */ = {isa = PBXBuildFile; fileRef = 09555CEC2AB1C60F00974A2E /* SUIT-ExtraBold.ttf */; };
		09555CF62AB1C61100974A2E /* SUIT-SemiBold.ttf in Resources */ = {isa = PBXBuildFile; fileRef = 09555CED2AB1C61000974A2E /* SUIT-SemiBold.ttf */; };
		09555CF72AB1C61100974A2E /* SUIT-Thin.ttf in Resources */ = {isa = PBXBuildFile; fileRef = 09555CEE2AB1C61100974A2E /* SUIT-Thin.ttf */; };
		09555CF82AB1C61100974A2E /* SUIT-ExtraLight.ttf in Resources */ = {isa = PBXBuildFile; fileRef = 09555CEF2AB1C61100974A2E /* SUIT-ExtraLight.ttf */; };
		09555CFA2AB1E91C00974A2E /* LoginViewModel.swift in Sources */ = {isa = PBXBuildFile; fileRef = 09555CF92AB1E91C00974A2E /* LoginViewModel.swift */; };
		09555CFD2AB1E98A00974A2E /* ViewModelType.swift in Sources */ = {isa = PBXBuildFile; fileRef = 09555CFC2AB1E98A00974A2E /* ViewModelType.swift */; };
		09798A292AF6A2A70078AD6F /* ProductTableViewCell.swift in Sources */ = {isa = PBXBuildFile; fileRef = 09798A282AF6A2A60078AD6F /* ProductTableViewCell.swift */; };
		097D052F2ADFB725009D4DAD /* String+.swift in Sources */ = {isa = PBXBuildFile; fileRef = 097D052E2ADFB725009D4DAD /* String+.swift */; };
		097D05332ADFEFC3009D4DAD /* Button+.swift in Sources */ = {isa = PBXBuildFile; fileRef = 097D05322ADFEFC3009D4DAD /* Button+.swift */; };
		09BAC6D22AB18FB90072BB16 /* HomeViewController.swift in Sources */ = {isa = PBXBuildFile; fileRef = 09BAC6D12AB18FB90072BB16 /* HomeViewController.swift */; };
		09BAC6D42AB18FC60072BB16 /* LoginViewController.swift in Sources */ = {isa = PBXBuildFile; fileRef = 09BAC6D32AB18FC60072BB16 /* LoginViewController.swift */; };
		09C59E692AD7C95600A631A7 /* MapViewController.swift in Sources */ = {isa = PBXBuildFile; fileRef = 09C59E682AD7C95600A631A7 /* MapViewController.swift */; };
		09C59E6C2AD7C96500A631A7 /* MyPageViewController.swift in Sources */ = {isa = PBXBuildFile; fileRef = 09C59E6B2AD7C96500A631A7 /* MyPageViewController.swift */; };
		09EB04E82AE40C9500F23C4A /* UserInfo.swift in Sources */ = {isa = PBXBuildFile; fileRef = 09EB04E72AE40C9500F23C4A /* UserInfo.swift */; };
		09EB04EB2AE5737C00F23C4A /* CollectionViewCell.swift in Sources */ = {isa = PBXBuildFile; fileRef = 09EB04EA2AE5737C00F23C4A /* CollectionViewCell.swift */; };
		09FA83E82AB700A400A8CFA8 /* TabBarController.swift in Sources */ = {isa = PBXBuildFile; fileRef = 09FA83E72AB700A400A8CFA8 /* TabBarController.swift */; };
		09FA83F42AB720ED00A8CFA8 /* HomeViewModel.swift in Sources */ = {isa = PBXBuildFile; fileRef = 09FA83F32AB720ED00A8CFA8 /* HomeViewModel.swift */; };
		59E8B44DA302C3BB6476E0F8 /* Pods_WooYah_iOS.framework in Frameworks */ = {isa = PBXBuildFile; fileRef = D9F897BB0B935BBF9B85B84F /* Pods_WooYah_iOS.framework */; };
/* End PBXBuildFile section */

/* Begin PBXFileReference section */
		0903B0502ADE9547009DA000 /* WooYah-iOS.entitlements */ = {isa = PBXFileReference; lastKnownFileType = text.plist.entitlements; path = "WooYah-iOS.entitlements"; sourceTree = "<group>"; };
		0903B0512ADED471009DA000 /* InputPhoneNumViewController.swift */ = {isa = PBXFileReference; lastKnownFileType = sourcecode.swift; path = InputPhoneNumViewController.swift; sourceTree = "<group>"; };
		0903B0542ADED4E0009DA000 /* CustomNaviBar.swift */ = {isa = PBXFileReference; lastKnownFileType = sourcecode.swift; path = CustomNaviBar.swift; sourceTree = "<group>"; };
		0903B0562ADED96C009DA000 /* BaseView.swift */ = {isa = PBXFileReference; lastKnownFileType = sourcecode.swift; path = BaseView.swift; sourceTree = "<group>"; };
		0909A5BF2AE7C0F3004D6E99 /* PopupViewController.swift */ = {isa = PBXFileReference; lastKnownFileType = sourcecode.swift; path = PopupViewController.swift; sourceTree = "<group>"; };
		0909A5C22AE7CB59004D6E99 /* WriteViewController.swift */ = {isa = PBXFileReference; lastKnownFileType = sourcecode.swift; path = WriteViewController.swift; sourceTree = "<group>"; };
		0909A5C42AE7D6B5004D6E99 /* WriteViewModel.swift */ = {isa = PBXFileReference; lastKnownFileType = sourcecode.swift; path = WriteViewModel.swift; sourceTree = "<group>"; };
		0909A5C82AE7E20C004D6E99 /* NSMutableAttributedString+.swift */ = {isa = PBXFileReference; lastKnownFileType = sourcecode.swift; path = "NSMutableAttributedString+.swift"; sourceTree = "<group>"; };
		0909A5CA2AE7EDBE004D6E99 /* InputPhoneViewModel.swift */ = {isa = PBXFileReference; lastKnownFileType = sourcecode.swift; path = InputPhoneViewModel.swift; sourceTree = "<group>"; };
		0936AB2C2AF1359600DD321F /* SearchAddressViewController.swift */ = {isa = PBXFileReference; lastKnownFileType = sourcecode.swift; path = SearchAddressViewController.swift; sourceTree = "<group>"; };
		0950FA152AD951A60038A20E /* ErrorTracker.swift */ = {isa = PBXFileReference; lastKnownFileType = sourcecode.swift; path = ErrorTracker.swift; sourceTree = "<group>"; };
		0950FA182AD9A3C20038A20E /* LoginDTO.swift */ = {isa = PBXFileReference; lastKnownFileType = sourcecode.swift; path = LoginDTO.swift; sourceTree = "<group>"; };
		0950FA1B2AD9A4BD0038A20E /* AuthError.swift */ = {isa = PBXFileReference; lastKnownFileType = sourcecode.swift; path = AuthError.swift; sourceTree = "<group>"; };
		0952E44D2AB02BB600AEA429 /* WooYah-iOS.app */ = {isa = PBXFileReference; explicitFileType = wrapper.application; includeInIndex = 0; path = "WooYah-iOS.app"; sourceTree = BUILT_PRODUCTS_DIR; };
		0952E4502AB02BB600AEA429 /* AppDelegate.swift */ = {isa = PBXFileReference; lastKnownFileType = sourcecode.swift; path = AppDelegate.swift; sourceTree = "<group>"; };
		0952E4522AB02BB600AEA429 /* SceneDelegate.swift */ = {isa = PBXFileReference; lastKnownFileType = sourcecode.swift; path = SceneDelegate.swift; sourceTree = "<group>"; };
		0952E4542AB02BB600AEA429 /* BaseViewController.swift */ = {isa = PBXFileReference; lastKnownFileType = sourcecode.swift; path = BaseViewController.swift; sourceTree = "<group>"; };
		0952E4592AB02BBB00AEA429 /* Assets.xcassets */ = {isa = PBXFileReference; lastKnownFileType = folder.assetcatalog; path = Assets.xcassets; sourceTree = "<group>"; };
		0952E45C2AB02BBB00AEA429 /* Base */ = {isa = PBXFileReference; lastKnownFileType = file.storyboard; name = Base; path = Base.lproj/LaunchScreen.storyboard; sourceTree = "<group>"; };
		0952E45E2AB02BBB00AEA429 /* Info.plist */ = {isa = PBXFileReference; lastKnownFileType = text.plist.xml; path = Info.plist; sourceTree = "<group>"; };
		09555CE22AB1C54F00974A2E /* Colors.swift */ = {isa = PBXFileReference; lastKnownFileType = sourcecode.swift; path = Colors.swift; sourceTree = "<group>"; };
		09555CE52AB1C5E600974A2E /* Fonts.swift */ = {isa = PBXFileReference; lastKnownFileType = sourcecode.swift; path = Fonts.swift; sourceTree = "<group>"; };
		09555CE72AB1C60C00974A2E /* SUIT-Light.ttf */ = {isa = PBXFileReference; lastKnownFileType = file; path = "SUIT-Light.ttf"; sourceTree = "<group>"; };
		09555CE82AB1C60D00974A2E /* SUIT-Regular.ttf */ = {isa = PBXFileReference; lastKnownFileType = file; path = "SUIT-Regular.ttf"; sourceTree = "<group>"; };
		09555CE92AB1C60D00974A2E /* SUIT-Heavy.ttf */ = {isa = PBXFileReference; lastKnownFileType = file; path = "SUIT-Heavy.ttf"; sourceTree = "<group>"; };
		09555CEA2AB1C60E00974A2E /* SUIT-Bold.ttf */ = {isa = PBXFileReference; lastKnownFileType = file; path = "SUIT-Bold.ttf"; sourceTree = "<group>"; };
		09555CEB2AB1C60F00974A2E /* SUIT-Medium.ttf */ = {isa = PBXFileReference; lastKnownFileType = file; path = "SUIT-Medium.ttf"; sourceTree = "<group>"; };
		09555CEC2AB1C60F00974A2E /* SUIT-ExtraBold.ttf */ = {isa = PBXFileReference; lastKnownFileType = file; path = "SUIT-ExtraBold.ttf"; sourceTree = "<group>"; };
		09555CED2AB1C61000974A2E /* SUIT-SemiBold.ttf */ = {isa = PBXFileReference; lastKnownFileType = file; path = "SUIT-SemiBold.ttf"; sourceTree = "<group>"; };
		09555CEE2AB1C61100974A2E /* SUIT-Thin.ttf */ = {isa = PBXFileReference; lastKnownFileType = file; path = "SUIT-Thin.ttf"; sourceTree = "<group>"; };
		09555CEF2AB1C61100974A2E /* SUIT-ExtraLight.ttf */ = {isa = PBXFileReference; lastKnownFileType = file; path = "SUIT-ExtraLight.ttf"; sourceTree = "<group>"; };
		09555CF92AB1E91C00974A2E /* LoginViewModel.swift */ = {isa = PBXFileReference; lastKnownFileType = sourcecode.swift; path = LoginViewModel.swift; sourceTree = "<group>"; };
		09555CFC2AB1E98A00974A2E /* ViewModelType.swift */ = {isa = PBXFileReference; lastKnownFileType = sourcecode.swift; path = ViewModelType.swift; sourceTree = "<group>"; };
		09798A282AF6A2A60078AD6F /* ProductTableViewCell.swift */ = {isa = PBXFileReference; lastKnownFileType = sourcecode.swift; path = ProductTableViewCell.swift; sourceTree = "<group>"; };
		097D052E2ADFB725009D4DAD /* String+.swift */ = {isa = PBXFileReference; lastKnownFileType = sourcecode.swift; path = "String+.swift"; sourceTree = "<group>"; };
		097D05322ADFEFC3009D4DAD /* Button+.swift */ = {isa = PBXFileReference; lastKnownFileType = sourcecode.swift; path = "Button+.swift"; sourceTree = "<group>"; };
		09BAC6D12AB18FB90072BB16 /* HomeViewController.swift */ = {isa = PBXFileReference; lastKnownFileType = sourcecode.swift; path = HomeViewController.swift; sourceTree = "<group>"; };
		09BAC6D32AB18FC60072BB16 /* LoginViewController.swift */ = {isa = PBXFileReference; lastKnownFileType = sourcecode.swift; path = LoginViewController.swift; sourceTree = "<group>"; wrapsLines = 0; };
		09C59E682AD7C95600A631A7 /* MapViewController.swift */ = {isa = PBXFileReference; lastKnownFileType = sourcecode.swift; path = MapViewController.swift; sourceTree = "<group>"; };
		09C59E6B2AD7C96500A631A7 /* MyPageViewController.swift */ = {isa = PBXFileReference; lastKnownFileType = sourcecode.swift; path = MyPageViewController.swift; sourceTree = "<group>"; };
		09EB04E72AE40C9500F23C4A /* UserInfo.swift */ = {isa = PBXFileReference; lastKnownFileType = sourcecode.swift; path = UserInfo.swift; sourceTree = "<group>"; };
		09EB04EA2AE5737C00F23C4A /* CollectionViewCell.swift */ = {isa = PBXFileReference; lastKnownFileType = sourcecode.swift; path = CollectionViewCell.swift; sourceTree = "<group>"; };
		09FA83E72AB700A400A8CFA8 /* TabBarController.swift */ = {isa = PBXFileReference; lastKnownFileType = sourcecode.swift; path = TabBarController.swift; sourceTree = "<group>"; };
		09FA83F32AB720ED00A8CFA8 /* HomeViewModel.swift */ = {isa = PBXFileReference; lastKnownFileType = sourcecode.swift; path = HomeViewModel.swift; sourceTree = "<group>"; };
		66E2D6B28BC325A674F04AF3 /* Pods-WooYah-iOS.release.xcconfig */ = {isa = PBXFileReference; includeInIndex = 1; lastKnownFileType = text.xcconfig; name = "Pods-WooYah-iOS.release.xcconfig"; path = "Target Support Files/Pods-WooYah-iOS/Pods-WooYah-iOS.release.xcconfig"; sourceTree = "<group>"; };
		96172027C8B7DE7B6B6B5F5F /* Pods-WooYah-iOS.debug.xcconfig */ = {isa = PBXFileReference; includeInIndex = 1; lastKnownFileType = text.xcconfig; name = "Pods-WooYah-iOS.debug.xcconfig"; path = "Target Support Files/Pods-WooYah-iOS/Pods-WooYah-iOS.debug.xcconfig"; sourceTree = "<group>"; };
		D9F897BB0B935BBF9B85B84F /* Pods_WooYah_iOS.framework */ = {isa = PBXFileReference; explicitFileType = wrapper.framework; includeInIndex = 0; path = Pods_WooYah_iOS.framework; sourceTree = BUILT_PRODUCTS_DIR; };
/* End PBXFileReference section */

/* Begin PBXFrameworksBuildPhase section */
		0952E44A2AB02BB600AEA429 /* Frameworks */ = {
			isa = PBXFrameworksBuildPhase;
			buildActionMask = 2147483647;
			files = (
				59E8B44DA302C3BB6476E0F8 /* Pods_WooYah_iOS.framework in Frameworks */,
			);
			runOnlyForDeploymentPostprocessing = 0;
		};
/* End PBXFrameworksBuildPhase section */

/* Begin PBXGroup section */
		0909A5BE2AE7C0D0004D6E99 /* Popup */ = {
			isa = PBXGroup;
			children = (
				0909A5BF2AE7C0F3004D6E99 /* PopupViewController.swift */,
			);
			path = Popup;
			sourceTree = "<group>";
		};
		0909A5C12AE7CB4C004D6E99 /* Write */ = {
			isa = PBXGroup;
			children = (
				0936AB2C2AF1359600DD321F /* SearchAddressViewController.swift */,
				0909A5C22AE7CB59004D6E99 /* WriteViewController.swift */,
				0909A5C42AE7D6B5004D6E99 /* WriteViewModel.swift */,
			);
			path = Write;
			sourceTree = "<group>";
		};
		090D2521A88D038D6EC9605B /* Frameworks */ = {
			isa = PBXGroup;
			children = (
				D9F897BB0B935BBF9B85B84F /* Pods_WooYah_iOS.framework */,
			);
			name = Frameworks;
			sourceTree = "<group>";
		};
		0950FA142AD951940038A20E /* Utility */ = {
			isa = PBXGroup;
			children = (
				0950FA152AD951A60038A20E /* ErrorTracker.swift */,
			);
			path = Utility;
			sourceTree = "<group>";
		};
		0950FA172AD9A3B20038A20E /* DTO */ = {
			isa = PBXGroup;
			children = (
				0950FA182AD9A3C20038A20E /* LoginDTO.swift */,
			);
			path = DTO;
			sourceTree = "<group>";
		};
		0950FA1A2AD9A4B30038A20E /* Error */ = {
			isa = PBXGroup;
			children = (
				0950FA1B2AD9A4BD0038A20E /* AuthError.swift */,
			);
			path = Error;
			sourceTree = "<group>";
		};
		0952E4442AB02BB600AEA429 = {
			isa = PBXGroup;
			children = (
				0952E44F2AB02BB600AEA429 /* WooYah-iOS */,
				0952E44E2AB02BB600AEA429 /* Products */,
				64569AFE55C7A5DB6A4D84FF /* Pods */,
				090D2521A88D038D6EC9605B /* Frameworks */,
			);
			sourceTree = "<group>";
		};
		0952E44E2AB02BB600AEA429 /* Products */ = {
			isa = PBXGroup;
			children = (
				0952E44D2AB02BB600AEA429 /* WooYah-iOS.app */,
			);
			name = Products;
			sourceTree = "<group>";
		};
		0952E44F2AB02BB600AEA429 /* WooYah-iOS */ = {
			isa = PBXGroup;
			children = (
				0903B0502ADE9547009DA000 /* WooYah-iOS.entitlements */,
				09EB04E62AE40C8200F23C4A /* Model */,
				0950FA172AD9A3B20038A20E /* DTO */,
				0950FA142AD951940038A20E /* Utility */,
				0952E45E2AB02BBB00AEA429 /* Info.plist */,
				09555CE42AB1C5D000974A2E /* Resource */,
				09BAC6CA2AB18AE10072BB16 /* APP */,
				09BAC6CB2AB18B140072BB16 /* Common */,
				09BAC6CE2AB18F7A0072BB16 /* Present */,
			);
			path = "WooYah-iOS";
			sourceTree = "<group>";
		};
		09555CE42AB1C5D000974A2E /* Resource */ = {
			isa = PBXGroup;
			children = (
				09555CEA2AB1C60E00974A2E /* SUIT-Bold.ttf */,
				09555CEC2AB1C60F00974A2E /* SUIT-ExtraBold.ttf */,
				09555CEF2AB1C61100974A2E /* SUIT-ExtraLight.ttf */,
				09555CE92AB1C60D00974A2E /* SUIT-Heavy.ttf */,
				09555CE72AB1C60C00974A2E /* SUIT-Light.ttf */,
				09555CEB2AB1C60F00974A2E /* SUIT-Medium.ttf */,
				09555CE82AB1C60D00974A2E /* SUIT-Regular.ttf */,
				09555CED2AB1C61000974A2E /* SUIT-SemiBold.ttf */,
				09555CEE2AB1C61100974A2E /* SUIT-Thin.ttf */,
				0952E4592AB02BBB00AEA429 /* Assets.xcassets */,
			);
			path = Resource;
			sourceTree = "<group>";
		};
		09555CFB2AB1E97E00974A2E /* Protocol */ = {
			isa = PBXGroup;
			children = (
				09555CFC2AB1E98A00974A2E /* ViewModelType.swift */,
			);
			path = Protocol;
			sourceTree = "<group>";
		};
		097D052D2ADFB716009D4DAD /* Extension */ = {
			isa = PBXGroup;
			children = (
				097D052E2ADFB725009D4DAD /* String+.swift */,
				097D05322ADFEFC3009D4DAD /* Button+.swift */,
				09555CE22AB1C54F00974A2E /* Colors.swift */,
				09555CE52AB1C5E600974A2E /* Fonts.swift */,
				0909A5C82AE7E20C004D6E99 /* NSMutableAttributedString+.swift */,
			);
			path = Extension;
			sourceTree = "<group>";
		};
		09BAC6CA2AB18AE10072BB16 /* APP */ = {
			isa = PBXGroup;
			children = (
				0952E4502AB02BB600AEA429 /* AppDelegate.swift */,
				0952E4522AB02BB600AEA429 /* SceneDelegate.swift */,
				0952E45B2AB02BBB00AEA429 /* LaunchScreen.storyboard */,
			);
			path = APP;
			sourceTree = "<group>";
		};
		09BAC6CB2AB18B140072BB16 /* Common */ = {
			isa = PBXGroup;
			children = (
				097D052D2ADFB716009D4DAD /* Extension */,
				0950FA1A2AD9A4B30038A20E /* Error */,
				09555CFB2AB1E97E00974A2E /* Protocol */,
				09BAC6CD2AB18EDD0072BB16 /* UI */,
			);
			path = Common;
			sourceTree = "<group>";
		};
		09BAC6CC2AB18EC70072BB16 /* Base */ = {
			isa = PBXGroup;
			children = (
				0952E4542AB02BB600AEA429 /* BaseViewController.swift */,
				0903B0562ADED96C009DA000 /* BaseView.swift */,
			);
			path = Base;
			sourceTree = "<group>";
		};
		09BAC6CD2AB18EDD0072BB16 /* UI */ = {
			isa = PBXGroup;
			children = (
				09EB04E92AE5736C00F23C4A /* Cell */,
				09FA83E92AB7012A00A8CFA8 /* UIController */,
				09BAC6CC2AB18EC70072BB16 /* Base */,
			);
			path = UI;
			sourceTree = "<group>";
		};
		09BAC6CE2AB18F7A0072BB16 /* Present */ = {
			isa = PBXGroup;
			children = (
				0909A5C12AE7CB4C004D6E99 /* Write */,
				0909A5BE2AE7C0D0004D6E99 /* Popup */,
				09BAC6D02AB18F9A0072BB16 /* Home */,
				09C59E6A2AD7C95900A631A7 /* Mypage */,
				09C59E672AD7C94700A631A7 /* Map */,
				09BAC6CF2AB18F960072BB16 /* Login */,
			);
			path = Present;
			sourceTree = "<group>";
		};
		09BAC6CF2AB18F960072BB16 /* Login */ = {
			isa = PBXGroup;
			children = (
				09BAC6D32AB18FC60072BB16 /* LoginViewController.swift */,
				09555CF92AB1E91C00974A2E /* LoginViewModel.swift */,
				0903B0512ADED471009DA000 /* InputPhoneNumViewController.swift */,
				0909A5CA2AE7EDBE004D6E99 /* InputPhoneViewModel.swift */,
			);
			path = Login;
			sourceTree = "<group>";
		};
		09BAC6D02AB18F9A0072BB16 /* Home */ = {
			isa = PBXGroup;
			children = (
				09BAC6D12AB18FB90072BB16 /* HomeViewController.swift */,
				09FA83F32AB720ED00A8CFA8 /* HomeViewModel.swift */,
			);
			path = Home;
			sourceTree = "<group>";
		};
		09C59E672AD7C94700A631A7 /* Map */ = {
			isa = PBXGroup;
			children = (
				09C59E682AD7C95600A631A7 /* MapViewController.swift */,
			);
			path = Map;
			sourceTree = "<group>";
		};
		09C59E6A2AD7C95900A631A7 /* Mypage */ = {
			isa = PBXGroup;
			children = (
				09C59E6B2AD7C96500A631A7 /* MyPageViewController.swift */,
			);
			path = Mypage;
			sourceTree = "<group>";
		};
		09EB04E62AE40C8200F23C4A /* Model */ = {
			isa = PBXGroup;
			children = (
				09EB04E72AE40C9500F23C4A /* UserInfo.swift */,
			);
			path = Model;
			sourceTree = "<group>";
		};
		09EB04E92AE5736C00F23C4A /* Cell */ = {
			isa = PBXGroup;
			children = (
				09EB04EA2AE5737C00F23C4A /* CollectionViewCell.swift */,
				09798A282AF6A2A60078AD6F /* ProductTableViewCell.swift */,
			);
			path = Cell;
			sourceTree = "<group>";
		};
		09FA83E92AB7012A00A8CFA8 /* UIController */ = {
			isa = PBXGroup;
			children = (
				09FA83E72AB700A400A8CFA8 /* TabBarController.swift */,
				0903B0542ADED4E0009DA000 /* CustomNaviBar.swift */,
			);
			path = UIController;
			sourceTree = "<group>";
		};
		64569AFE55C7A5DB6A4D84FF /* Pods */ = {
			isa = PBXGroup;
			children = (
				96172027C8B7DE7B6B6B5F5F /* Pods-WooYah-iOS.debug.xcconfig */,
				66E2D6B28BC325A674F04AF3 /* Pods-WooYah-iOS.release.xcconfig */,
			);
			path = Pods;
			sourceTree = "<group>";
		};
/* End PBXGroup section */

/* Begin PBXNativeTarget section */
		0952E44C2AB02BB600AEA429 /* WooYah-iOS */ = {
			isa = PBXNativeTarget;
			buildConfigurationList = 0952E4612AB02BBB00AEA429 /* Build configuration list for PBXNativeTarget "WooYah-iOS" */;
			buildPhases = (
				405270D4756F28C3E74CC655 /* [CP] Check Pods Manifest.lock */,
				0952E4492AB02BB600AEA429 /* Sources */,
				0952E44A2AB02BB600AEA429 /* Frameworks */,
				0952E44B2AB02BB600AEA429 /* Resources */,
				4D5B3F6F38BA5A474801CAA3 /* [CP] Embed Pods Frameworks */,
			);
			buildRules = (
			);
			dependencies = (
			);
			name = "WooYah-iOS";
			productName = "WooYah-iOS";
			productReference = 0952E44D2AB02BB600AEA429 /* WooYah-iOS.app */;
			productType = "com.apple.product-type.application";
		};
/* End PBXNativeTarget section */

/* Begin PBXProject section */
		0952E4452AB02BB600AEA429 /* Project object */ = {
			isa = PBXProject;
			attributes = {
				BuildIndependentTargetsInParallel = 1;
				LastSwiftUpdateCheck = 1430;
				LastUpgradeCheck = 1430;
				TargetAttributes = {
					0952E44C2AB02BB600AEA429 = {
						CreatedOnToolsVersion = 14.3.1;
					};
				};
			};
			buildConfigurationList = 0952E4482AB02BB600AEA429 /* Build configuration list for PBXProject "WooYah-iOS" */;
			compatibilityVersion = "Xcode 14.0";
			developmentRegion = en;
			hasScannedForEncodings = 0;
			knownRegions = (
				en,
				Base,
			);
			mainGroup = 0952E4442AB02BB600AEA429;
			productRefGroup = 0952E44E2AB02BB600AEA429 /* Products */;
			projectDirPath = "";
			projectRoot = "";
			targets = (
				0952E44C2AB02BB600AEA429 /* WooYah-iOS */,
			);
		};
/* End PBXProject section */

/* Begin PBXResourcesBuildPhase section */
		0952E44B2AB02BB600AEA429 /* Resources */ = {
			isa = PBXResourcesBuildPhase;
			buildActionMask = 2147483647;
			files = (
				09555CF62AB1C61100974A2E /* SUIT-SemiBold.ttf in Resources */,
				09555CF42AB1C61100974A2E /* SUIT-Medium.ttf in Resources */,
				09555CF72AB1C61100974A2E /* SUIT-Thin.ttf in Resources */,
				09555CF32AB1C61100974A2E /* SUIT-Bold.ttf in Resources */,
				09555CF12AB1C61100974A2E /* SUIT-Regular.ttf in Resources */,
				09555CF22AB1C61100974A2E /* SUIT-Heavy.ttf in Resources */,
				0952E45D2AB02BBB00AEA429 /* LaunchScreen.storyboard in Resources */,
				09555CF52AB1C61100974A2E /* SUIT-ExtraBold.ttf in Resources */,
				09555CF82AB1C61100974A2E /* SUIT-ExtraLight.ttf in Resources */,
				09555CF02AB1C61100974A2E /* SUIT-Light.ttf in Resources */,
				0952E45A2AB02BBB00AEA429 /* Assets.xcassets in Resources */,
			);
			runOnlyForDeploymentPostprocessing = 0;
		};
/* End PBXResourcesBuildPhase section */

/* Begin PBXShellScriptBuildPhase section */
		405270D4756F28C3E74CC655 /* [CP] Check Pods Manifest.lock */ = {
			isa = PBXShellScriptBuildPhase;
			buildActionMask = 2147483647;
			files = (
			);
			inputFileListPaths = (
			);
			inputPaths = (
				"${PODS_PODFILE_DIR_PATH}/Podfile.lock",
				"${PODS_ROOT}/Manifest.lock",
			);
			name = "[CP] Check Pods Manifest.lock";
			outputFileListPaths = (
			);
			outputPaths = (
				"$(DERIVED_FILE_DIR)/Pods-WooYah-iOS-checkManifestLockResult.txt",
			);
			runOnlyForDeploymentPostprocessing = 0;
			shellPath = /bin/sh;
			shellScript = "diff \"${PODS_PODFILE_DIR_PATH}/Podfile.lock\" \"${PODS_ROOT}/Manifest.lock\" > /dev/null\nif [ $? != 0 ] ; then\n    # print error to STDERR\n    echo \"error: The sandbox is not in sync with the Podfile.lock. Run 'pod install' or update your CocoaPods installation.\" >&2\n    exit 1\nfi\n# This output is used by Xcode 'outputs' to avoid re-running this script phase.\necho \"SUCCESS\" > \"${SCRIPT_OUTPUT_FILE_0}\"\n";
			showEnvVarsInLog = 0;
		};
		4D5B3F6F38BA5A474801CAA3 /* [CP] Embed Pods Frameworks */ = {
			isa = PBXShellScriptBuildPhase;
			buildActionMask = 2147483647;
			files = (
			);
			inputFileListPaths = (
				"${PODS_ROOT}/Target Support Files/Pods-WooYah-iOS/Pods-WooYah-iOS-frameworks-${CONFIGURATION}-input-files.xcfilelist",
			);
			name = "[CP] Embed Pods Frameworks";
			outputFileListPaths = (
				"${PODS_ROOT}/Target Support Files/Pods-WooYah-iOS/Pods-WooYah-iOS-frameworks-${CONFIGURATION}-output-files.xcfilelist",
			);
			runOnlyForDeploymentPostprocessing = 0;
			shellPath = /bin/sh;
			shellScript = "\"${PODS_ROOT}/Target Support Files/Pods-WooYah-iOS/Pods-WooYah-iOS-frameworks.sh\"\n";
			showEnvVarsInLog = 0;
		};
/* End PBXShellScriptBuildPhase section */

/* Begin PBXSourcesBuildPhase section */
		0952E4492AB02BB600AEA429 /* Sources */ = {
			isa = PBXSourcesBuildPhase;
			buildActionMask = 2147483647;
			files = (
				0950FA1C2AD9A4BD0038A20E /* AuthError.swift in Sources */,
				09555CE62AB1C5E600974A2E /* Fonts.swift in Sources */,
				097D052F2ADFB725009D4DAD /* String+.swift in Sources */,
				0952E4552AB02BB600AEA429 /* BaseViewController.swift in Sources */,
				0909A5C52AE7D6B5004D6E99 /* WriteViewModel.swift in Sources */,
				09555CE32AB1C54F00974A2E /* Colors.swift in Sources */,
				09FA83E82AB700A400A8CFA8 /* TabBarController.swift in Sources */,
				09EB04EB2AE5737C00F23C4A /* CollectionViewCell.swift in Sources */,
				097D05332ADFEFC3009D4DAD /* Button+.swift in Sources */,
				0952E4512AB02BB600AEA429 /* AppDelegate.swift in Sources */,
				0936AB2D2AF1359600DD321F /* SearchAddressViewController.swift in Sources */,
				09555CFA2AB1E91C00974A2E /* LoginViewModel.swift in Sources */,
				09FA83F42AB720ED00A8CFA8 /* HomeViewModel.swift in Sources */,
				0909A5C92AE7E20C004D6E99 /* NSMutableAttributedString+.swift in Sources */,
				0950FA162AD951A60038A20E /* ErrorTracker.swift in Sources */,
				09C59E6C2AD7C96500A631A7 /* MyPageViewController.swift in Sources */,
				09C59E692AD7C95600A631A7 /* MapViewController.swift in Sources */,
				09798A292AF6A2A70078AD6F /* ProductTableViewCell.swift in Sources */,
				0903B0522ADED471009DA000 /* InputPhoneNumViewController.swift in Sources */,
				0903B0552ADED4E0009DA000 /* CustomNaviBar.swift in Sources */,
				0952E4532AB02BB600AEA429 /* SceneDelegate.swift in Sources */,
				09BAC6D42AB18FC60072BB16 /* LoginViewController.swift in Sources */,
				0909A5C32AE7CB59004D6E99 /* WriteViewController.swift in Sources */,
				09BAC6D22AB18FB90072BB16 /* HomeViewController.swift in Sources */,
				0903B0572ADED96C009DA000 /* BaseView.swift in Sources */,
				0950FA192AD9A3C20038A20E /* LoginDTO.swift in Sources */,
				09EB04E82AE40C9500F23C4A /* UserInfo.swift in Sources */,
				09555CFD2AB1E98A00974A2E /* ViewModelType.swift in Sources */,
				0909A5CB2AE7EDBE004D6E99 /* InputPhoneViewModel.swift in Sources */,
				0909A5C02AE7C0F3004D6E99 /* PopupViewController.swift in Sources */,
			);
			runOnlyForDeploymentPostprocessing = 0;
		};
/* End PBXSourcesBuildPhase section */

/* Begin PBXVariantGroup section */
		0952E45B2AB02BBB00AEA429 /* LaunchScreen.storyboard */ = {
			isa = PBXVariantGroup;
			children = (
				0952E45C2AB02BBB00AEA429 /* Base */,
			);
			name = LaunchScreen.storyboard;
			sourceTree = "<group>";
		};
/* End PBXVariantGroup section */

/* Begin XCBuildConfiguration section */
		0952E45F2AB02BBB00AEA429 /* Debug */ = {
			isa = XCBuildConfiguration;
			buildSettings = {
				ALWAYS_SEARCH_USER_PATHS = NO;
				CLANG_ANALYZER_NONNULL = YES;
				CLANG_ANALYZER_NUMBER_OBJECT_CONVERSION = YES_AGGRESSIVE;
				CLANG_CXX_LANGUAGE_STANDARD = "gnu++20";
				CLANG_ENABLE_MODULES = YES;
				CLANG_ENABLE_OBJC_ARC = YES;
				CLANG_ENABLE_OBJC_WEAK = YES;
				CLANG_WARN_BLOCK_CAPTURE_AUTORELEASING = YES;
				CLANG_WARN_BOOL_CONVERSION = YES;
				CLANG_WARN_COMMA = YES;
				CLANG_WARN_CONSTANT_CONVERSION = YES;
				CLANG_WARN_DEPRECATED_OBJC_IMPLEMENTATIONS = YES;
				CLANG_WARN_DIRECT_OBJC_ISA_USAGE = YES_ERROR;
				CLANG_WARN_DOCUMENTATION_COMMENTS = YES;
				CLANG_WARN_EMPTY_BODY = YES;
				CLANG_WARN_ENUM_CONVERSION = YES;
				CLANG_WARN_INFINITE_RECURSION = YES;
				CLANG_WARN_INT_CONVERSION = YES;
				CLANG_WARN_NON_LITERAL_NULL_CONVERSION = YES;
				CLANG_WARN_OBJC_IMPLICIT_RETAIN_SELF = YES;
				CLANG_WARN_OBJC_LITERAL_CONVERSION = YES;
				CLANG_WARN_OBJC_ROOT_CLASS = YES_ERROR;
				CLANG_WARN_QUOTED_INCLUDE_IN_FRAMEWORK_HEADER = YES;
				CLANG_WARN_RANGE_LOOP_ANALYSIS = YES;
				CLANG_WARN_STRICT_PROTOTYPES = YES;
				CLANG_WARN_SUSPICIOUS_MOVE = YES;
				CLANG_WARN_UNGUARDED_AVAILABILITY = YES_AGGRESSIVE;
				CLANG_WARN_UNREACHABLE_CODE = YES;
				CLANG_WARN__DUPLICATE_METHOD_MATCH = YES;
				COPY_PHASE_STRIP = NO;
				DEBUG_INFORMATION_FORMAT = dwarf;
				ENABLE_STRICT_OBJC_MSGSEND = YES;
				ENABLE_TESTABILITY = YES;
				GCC_C_LANGUAGE_STANDARD = gnu11;
				GCC_DYNAMIC_NO_PIC = NO;
				GCC_NO_COMMON_BLOCKS = YES;
				GCC_OPTIMIZATION_LEVEL = 0;
				GCC_PREPROCESSOR_DEFINITIONS = (
					"DEBUG=1",
					"$(inherited)",
				);
				GCC_WARN_64_TO_32_BIT_CONVERSION = YES;
				GCC_WARN_ABOUT_RETURN_TYPE = YES_ERROR;
				GCC_WARN_UNDECLARED_SELECTOR = YES;
				GCC_WARN_UNINITIALIZED_AUTOS = YES_AGGRESSIVE;
				GCC_WARN_UNUSED_FUNCTION = YES;
				GCC_WARN_UNUSED_VARIABLE = YES;
				IPHONEOS_DEPLOYMENT_TARGET = 16.4;
				MTL_ENABLE_DEBUG_INFO = INCLUDE_SOURCE;
				MTL_FAST_MATH = YES;
				ONLY_ACTIVE_ARCH = YES;
				SDKROOT = iphoneos;
				SWIFT_ACTIVE_COMPILATION_CONDITIONS = DEBUG;
				SWIFT_OPTIMIZATION_LEVEL = "-Onone";
			};
			name = Debug;
		};
		0952E4602AB02BBB00AEA429 /* Release */ = {
			isa = XCBuildConfiguration;
			buildSettings = {
				ALWAYS_SEARCH_USER_PATHS = NO;
				CLANG_ANALYZER_NONNULL = YES;
				CLANG_ANALYZER_NUMBER_OBJECT_CONVERSION = YES_AGGRESSIVE;
				CLANG_CXX_LANGUAGE_STANDARD = "gnu++20";
				CLANG_ENABLE_MODULES = YES;
				CLANG_ENABLE_OBJC_ARC = YES;
				CLANG_ENABLE_OBJC_WEAK = YES;
				CLANG_WARN_BLOCK_CAPTURE_AUTORELEASING = YES;
				CLANG_WARN_BOOL_CONVERSION = YES;
				CLANG_WARN_COMMA = YES;
				CLANG_WARN_CONSTANT_CONVERSION = YES;
				CLANG_WARN_DEPRECATED_OBJC_IMPLEMENTATIONS = YES;
				CLANG_WARN_DIRECT_OBJC_ISA_USAGE = YES_ERROR;
				CLANG_WARN_DOCUMENTATION_COMMENTS = YES;
				CLANG_WARN_EMPTY_BODY = YES;
				CLANG_WARN_ENUM_CONVERSION = YES;
				CLANG_WARN_INFINITE_RECURSION = YES;
				CLANG_WARN_INT_CONVERSION = YES;
				CLANG_WARN_NON_LITERAL_NULL_CONVERSION = YES;
				CLANG_WARN_OBJC_IMPLICIT_RETAIN_SELF = YES;
				CLANG_WARN_OBJC_LITERAL_CONVERSION = YES;
				CLANG_WARN_OBJC_ROOT_CLASS = YES_ERROR;
				CLANG_WARN_QUOTED_INCLUDE_IN_FRAMEWORK_HEADER = YES;
				CLANG_WARN_RANGE_LOOP_ANALYSIS = YES;
				CLANG_WARN_STRICT_PROTOTYPES = YES;
				CLANG_WARN_SUSPICIOUS_MOVE = YES;
				CLANG_WARN_UNGUARDED_AVAILABILITY = YES_AGGRESSIVE;
				CLANG_WARN_UNREACHABLE_CODE = YES;
				CLANG_WARN__DUPLICATE_METHOD_MATCH = YES;
				COPY_PHASE_STRIP = NO;
				DEBUG_INFORMATION_FORMAT = "dwarf-with-dsym";
				ENABLE_NS_ASSERTIONS = NO;
				ENABLE_STRICT_OBJC_MSGSEND = YES;
				GCC_C_LANGUAGE_STANDARD = gnu11;
				GCC_NO_COMMON_BLOCKS = YES;
				GCC_WARN_64_TO_32_BIT_CONVERSION = YES;
				GCC_WARN_ABOUT_RETURN_TYPE = YES_ERROR;
				GCC_WARN_UNDECLARED_SELECTOR = YES;
				GCC_WARN_UNINITIALIZED_AUTOS = YES_AGGRESSIVE;
				GCC_WARN_UNUSED_FUNCTION = YES;
				GCC_WARN_UNUSED_VARIABLE = YES;
				IPHONEOS_DEPLOYMENT_TARGET = 16.4;
				MTL_ENABLE_DEBUG_INFO = NO;
				MTL_FAST_MATH = YES;
				SDKROOT = iphoneos;
				SWIFT_COMPILATION_MODE = wholemodule;
				SWIFT_OPTIMIZATION_LEVEL = "-O";
				VALIDATE_PRODUCT = YES;
			};
			name = Release;
		};
		0952E4622AB02BBB00AEA429 /* Debug */ = {
			isa = XCBuildConfiguration;
			baseConfigurationReference = 96172027C8B7DE7B6B6B5F5F /* Pods-WooYah-iOS.debug.xcconfig */;
			buildSettings = {
				ASSETCATALOG_COMPILER_APPICON_NAME = AppIcon;
				ASSETCATALOG_COMPILER_GLOBAL_ACCENT_COLOR_NAME = AccentColor;
				CODE_SIGN_ENTITLEMENTS = "WooYah-iOS/WooYah-iOS.entitlements";
				CODE_SIGN_STYLE = Automatic;
				CURRENT_PROJECT_VERSION = 1;
				DEVELOPMENT_TEAM = JA7UDVTQBU;
				GENERATE_INFOPLIST_FILE = YES;
				INFOPLIST_FILE = "WooYah-iOS/Info.plist";
				INFOPLIST_KEY_NSLocationAlwaysAndWhenInUseUsageDescription = "우야에서 사용자의 위치정보를 확인할려합니다.";
				INFOPLIST_KEY_NSLocationAlwaysUsageDescription = "우야에서 사용자의 위치정보를 확인할려합니다.";
				INFOPLIST_KEY_UIApplicationSupportsIndirectInputEvents = YES;
				INFOPLIST_KEY_UILaunchStoryboardName = LaunchScreen;
				INFOPLIST_KEY_UIMainStoryboardFile = Main;
				INFOPLIST_KEY_UISupportedInterfaceOrientations_iPad = "UIInterfaceOrientationPortrait UIInterfaceOrientationPortraitUpsideDown UIInterfaceOrientationLandscapeLeft UIInterfaceOrientationLandscapeRight";
				INFOPLIST_KEY_UISupportedInterfaceOrientations_iPhone = "UIInterfaceOrientationPortrait UIInterfaceOrientationLandscapeLeft UIInterfaceOrientationLandscapeRight";
				INFOPLIST_KEY_UIUserInterfaceStyle = Light;
				LD_RUNPATH_SEARCH_PATHS = (
					"$(inherited)",
					"@executable_path/Frameworks",
				);
				MARKETING_VERSION = 1.0;
				PRODUCT_BUNDLE_IDENTIFIER = "kr.co.LineJoin.WooYah-iOS";
				PRODUCT_NAME = "$(TARGET_NAME)";
				SWIFT_EMIT_LOC_STRINGS = YES;
				SWIFT_VERSION = 5.0;
				TARGETED_DEVICE_FAMILY = "1,2";
			};
			name = Debug;
		};
		0952E4632AB02BBB00AEA429 /* Release */ = {
			isa = XCBuildConfiguration;
			baseConfigurationReference = 66E2D6B28BC325A674F04AF3 /* Pods-WooYah-iOS.release.xcconfig */;
			buildSettings = {
				ASSETCATALOG_COMPILER_APPICON_NAME = AppIcon;
				ASSETCATALOG_COMPILER_GLOBAL_ACCENT_COLOR_NAME = AccentColor;
				CODE_SIGN_ENTITLEMENTS = "WooYah-iOS/WooYah-iOS.entitlements";
				CODE_SIGN_STYLE = Automatic;
				CURRENT_PROJECT_VERSION = 1;
				DEVELOPMENT_TEAM = JA7UDVTQBU;
				GENERATE_INFOPLIST_FILE = YES;
				INFOPLIST_FILE = "WooYah-iOS/Info.plist";
				INFOPLIST_KEY_NSLocationAlwaysAndWhenInUseUsageDescription = "우야에서 사용자의 위치정보를 확인할려합니다.";
				INFOPLIST_KEY_NSLocationAlwaysUsageDescription = "우야에서 사용자의 위치정보를 확인할려합니다.";
				INFOPLIST_KEY_UIApplicationSupportsIndirectInputEvents = YES;
				INFOPLIST_KEY_UILaunchStoryboardName = LaunchScreen;
				INFOPLIST_KEY_UIMainStoryboardFile = Main;
				INFOPLIST_KEY_UISupportedInterfaceOrientations_iPad = "UIInterfaceOrientationPortrait UIInterfaceOrientationPortraitUpsideDown UIInterfaceOrientationLandscapeLeft UIInterfaceOrientationLandscapeRight";
				INFOPLIST_KEY_UISupportedInterfaceOrientations_iPhone = "UIInterfaceOrientationPortrait UIInterfaceOrientationLandscapeLeft UIInterfaceOrientationLandscapeRight";
				INFOPLIST_KEY_UIUserInterfaceStyle = Light;
				LD_RUNPATH_SEARCH_PATHS = (
					"$(inherited)",
					"@executable_path/Frameworks",
				);
				MARKETING_VERSION = 1.0;
				PRODUCT_BUNDLE_IDENTIFIER = "kr.co.LineJoin.WooYah-iOS";
				PRODUCT_NAME = "$(TARGET_NAME)";
				SWIFT_EMIT_LOC_STRINGS = YES;
				SWIFT_VERSION = 5.0;
				TARGETED_DEVICE_FAMILY = "1,2";
			};
			name = Release;
		};
/* End XCBuildConfiguration section */

/* Begin XCConfigurationList section */
		0952E4482AB02BB600AEA429 /* Build configuration list for PBXProject "WooYah-iOS" */ = {
			isa = XCConfigurationList;
			buildConfigurations = (
				0952E45F2AB02BBB00AEA429 /* Debug */,
				0952E4602AB02BBB00AEA429 /* Release */,
			);
			defaultConfigurationIsVisible = 0;
			defaultConfigurationName = Release;
		};
		0952E4612AB02BBB00AEA429 /* Build configuration list for PBXNativeTarget "WooYah-iOS" */ = {
			isa = XCConfigurationList;
			buildConfigurations = (
				0952E4622AB02BBB00AEA429 /* Debug */,
				0952E4632AB02BBB00AEA429 /* Release */,
			);
			defaultConfigurationIsVisible = 0;
			defaultConfigurationName = Release;
		};
/* End XCConfigurationList section */
	};
	rootObject = 0952E4452AB02BB600AEA429 /* Project object */;
}
