// !$*UTF8*$!
{
	archiveVersion = 1;
	classes = {
	};
	objectVersion = 56;
	objects = {

/* Begin PBXBuildFile section */
		0952E4512AB02BB600AEA429 /* AppDelegate.swift in Sources */ = {isa = PBXBuildFile; fileRef = 0952E4502AB02BB600AEA429 /* AppDelegate.swift */; };
		0952E4532AB02BB600AEA429 /* SceneDelegate.swift in Sources */ = {isa = PBXBuildFile; fileRef = 0952E4522AB02BB600AEA429 /* SceneDelegate.swift */; };
		0952E4552AB02BB600AEA429 /* BaseViewController.swift in Sources */ = {isa = PBXBuildFile; fileRef = 0952E4542AB02BB600AEA429 /* BaseViewController.swift */; };
		0952E45A2AB02BBB00AEA429 /* Assets.xcassets in Resources */ = {isa = PBXBuildFile; fileRef = 0952E4592AB02BBB00AEA429 /* Assets.xcassets */; };
		0952E45D2AB02BBB00AEA429 /* LaunchScreen.storyboard in Resources */ = {isa = PBXBuildFile; fileRef = 0952E45B2AB02BBB00AEA429 /* LaunchScreen.storyboard */; };
		59E8B44DA302C3BB6476E0F8 /* Pods_WooYah_iOS.framework in Frameworks */ = {isa = PBXBuildFile; fileRef = D9F897BB0B935BBF9B85B84F /* Pods_WooYah_iOS.framework */; };
/* End PBXBuildFile section */

/* Begin PBXFileReference section */
		0952E44D2AB02BB600AEA429 /* WooYah-iOS.app */ = {isa = PBXFileReference; explicitFileType = wrapper.application; includeInIndex = 0; path = "WooYah-iOS.app"; sourceTree = BUILT_PRODUCTS_DIR; };
		0952E4502AB02BB600AEA429 /* AppDelegate.swift */ = {isa = PBXFileReference; lastKnownFileType = sourcecode.swift; path = AppDelegate.swift; sourceTree = "<group>"; };
		0952E4522AB02BB600AEA429 /* SceneDelegate.swift */ = {isa = PBXFileReference; lastKnownFileType = sourcecode.swift; path = SceneDelegate.swift; sourceTree = "<group>"; };
		0952E4542AB02BB600AEA429 /* BaseViewController.swift */ = {isa = PBXFileReference; lastKnownFileType = sourcecode.swift; path = BaseViewController.swift; sourceTree = "<group>"; };
		0952E4592AB02BBB00AEA429 /* Assets.xcassets */ = {isa = PBXFileReference; lastKnownFileType = folder.assetcatalog; path = Assets.xcassets; sourceTree = "<group>"; };
		0952E45C2AB02BBB00AEA429 /* Base */ = {isa = PBXFileReference; lastKnownFileType = file.storyboard; name = Base; path = Base.lproj/LaunchScreen.storyboard; sourceTree = "<group>"; };
		0952E45E2AB02BBB00AEA429 /* Info.plist */ = {isa = PBXFileReference; lastKnownFileType = text.plist.xml; path = Info.plist; sourceTree = "<group>"; };
		66E2D6B28BC325A674F04AF3 /* Pods-WooYah-iOS.release.xcconfig */ = {isa = PBXFileReference; includeInIndex = 1; lastKnownFileType = text.xcconfig; name = "Pods-WooYah-iOS.release.xcconfig"; path = "Target Support Files/Pods-WooYah-iOS/Pods-WooYah-iOS.release.xcconfig"; sourceTree = "<group>"; };
		96172027C8B7DE7B6B6B5F5F /* Pods-WooYah-iOS.debug.xcconfig */ = {isa = PBXFileReference; includeInIndex = 1; lastKnownFileType = text.xcconfig; name = "Pods-WooYah-iOS.debug.xcconfig"; path = "Target Support Files/Pods-WooYah-iOS/Pods-WooYah-iOS.debug.xcconfig"; sourceTree = "<group>"; };
		D9F897BB0B935BBF9B85B84F /* Pods_WooYah_iOS.framework */ = {isa = PBXFileReference; explicitFileType = wrapper.framework; includeInIndex = 0; path = Pods_WooYah_iOS.framework; sourceTree = BUILT_PRODUCTS_DIR; };
/* End PBXFileReference section */

/* Begin PBXFrameworksBuildPhase section */
		0952E44A2AB02BB600AEA429 /* Frameworks */ = {
			isa = PBXFrameworksBuildPhase;
			buildActionMask = 2147483647;
			files = (
				59E8B44DA302C3BB6476E0F8 /* Pods_WooYah_iOS.framework in Frameworks */,
			);
			runOnlyForDeploymentPostprocessing = 0;
		};
/* End PBXFrameworksBuildPhase section */

/* Begin PBXGroup section */
		090D2521A88D038D6EC9605B /* Frameworks */ = {
			isa = PBXGroup;
			children = (
				D9F897BB0B935BBF9B85B84F /* Pods_WooYah_iOS.framework */,
			);
			name = Frameworks;
			sourceTree = "<group>";
		};
		0952E4442AB02BB600AEA429 = {
			isa = PBXGroup;
			children = (
				0952E44F2AB02BB600AEA429 /* WooYah-iOS */,
				0952E44E2AB02BB600AEA429 /* Products */,
				64569AFE55C7A5DB6A4D84FF /* Pods */,
				090D2521A88D038D6EC9605B /* Frameworks */,
			);
			sourceTree = "<group>";
		};
		0952E44E2AB02BB600AEA429 /* Products */ = {
			isa = PBXGroup;
			children = (
				0952E44D2AB02BB600AEA429 /* WooYah-iOS.app */,
			);
			name = Products;
			sourceTree = "<group>";
		};
		0952E44F2AB02BB600AEA429 /* WooYah-iOS */ = {
			isa = PBXGroup;
			children = (
				09BAC6CB2AB18B140072BB16 /* Common */,
				09BAC6CA2AB18AE10072BB16 /* APP */,
				0952E4592AB02BBB00AEA429 /* Assets.xcassets */,
				0952E45E2AB02BBB00AEA429 /* Info.plist */,
			);
			path = "WooYah-iOS";
			sourceTree = "<group>";
		};
		09BAC6CA2AB18AE10072BB16 /* APP */ = {
			isa = PBXGroup;
			children = (
				0952E4502AB02BB600AEA429 /* AppDelegate.swift */,
				0952E4522AB02BB600AEA429 /* SceneDelegate.swift */,
				0952E45B2AB02BBB00AEA429 /* LaunchScreen.storyboard */,
			);
			path = APP;
			sourceTree = "<group>";
		};
		09BAC6CB2AB18B140072BB16 /* Common */ = {
			isa = PBXGroup;
			children = (
				0952E4542AB02BB600AEA429 /* BaseViewController.swift */,
			);
			path = Common;
			sourceTree = "<group>";
		};
		64569AFE55C7A5DB6A4D84FF /* Pods */ = {
			isa = PBXGroup;
			children = (
				96172027C8B7DE7B6B6B5F5F /* Pods-WooYah-iOS.debug.xcconfig */,
				66E2D6B28BC325A674F04AF3 /* Pods-WooYah-iOS.release.xcconfig */,
			);
			path = Pods;
			sourceTree = "<group>";
		};
/* End PBXGroup section */

/* Begin PBXNativeTarget section */
		0952E44C2AB02BB600AEA429 /* WooYah-iOS */ = {
			isa = PBXNativeTarget;
			buildConfigurationList = 0952E4612AB02BBB00AEA429 /* Build configuration list for PBXNativeTarget "WooYah-iOS" */;
			buildPhases = (
				405270D4756F28C3E74CC655 /* [CP] Check Pods Manifest.lock */,
				0952E4492AB02BB600AEA429 /* Sources */,
				0952E44A2AB02BB600AEA429 /* Frameworks */,
				0952E44B2AB02BB600AEA429 /* Resources */,
				4D5B3F6F38BA5A474801CAA3 /* [CP] Embed Pods Frameworks */,
			);
			buildRules = (
			);
			dependencies = (
			);
			name = "WooYah-iOS";
			productName = "WooYah-iOS";
			productReference = 0952E44D2AB02BB600AEA429 /* WooYah-iOS.app */;
			productType = "com.apple.product-type.application";
		};
/* End PBXNativeTarget section */

/* Begin PBXProject section */
		0952E4452AB02BB600AEA429 /* Project object */ = {
			isa = PBXProject;
			attributes = {
				BuildIndependentTargetsInParallel = 1;
				LastSwiftUpdateCheck = 1430;
				LastUpgradeCheck = 1430;
				TargetAttributes = {
					0952E44C2AB02BB600AEA429 = {
						CreatedOnToolsVersion = 14.3.1;
					};
				};
			};
			buildConfigurationList = 0952E4482AB02BB600AEA429 /* Build configuration list for PBXProject "WooYah-iOS" */;
			compatibilityVersion = "Xcode 14.0";
			developmentRegion = en;
			hasScannedForEncodings = 0;
			knownRegions = (
				en,
				Base,
			);
			mainGroup = 0952E4442AB02BB600AEA429;
			productRefGroup = 0952E44E2AB02BB600AEA429 /* Products */;
			projectDirPath = "";
			projectRoot = "";
			targets = (
				0952E44C2AB02BB600AEA429 /* WooYah-iOS */,
			);
		};
/* End PBXProject section */

/* Begin PBXResourcesBuildPhase section */
		0952E44B2AB02BB600AEA429 /* Resources */ = {
			isa = PBXResourcesBuildPhase;
			buildActionMask = 2147483647;
			files = (
				0952E45D2AB02BBB00AEA429 /* LaunchScreen.storyboard in Resources */,
				0952E45A2AB02BBB00AEA429 /* Assets.xcassets in Resources */,
			);
			runOnlyForDeploymentPostprocessing = 0;
		};
/* End PBXResourcesBuildPhase section */

/* Begin PBXShellScriptBuildPhase section */
		405270D4756F28C3E74CC655 /* [CP] Check Pods Manifest.lock */ = {
			isa = PBXShellScriptBuildPhase;
			buildActionMask = 2147483647;
			files = (
			);
			inputFileListPaths = (
			);
			inputPaths = (
				"${PODS_PODFILE_DIR_PATH}/Podfile.lock",
				"${PODS_ROOT}/Manifest.lock",
			);
			name = "[CP] Check Pods Manifest.lock";
			outputFileListPaths = (
			);
			outputPaths = (
				"$(DERIVED_FILE_DIR)/Pods-WooYah-iOS-checkManifestLockResult.txt",
			);
			runOnlyForDeploymentPostprocessing = 0;
			shellPath = /bin/sh;
			shellScript = "diff \"${PODS_PODFILE_DIR_PATH}/Podfile.lock\" \"${PODS_ROOT}/Manifest.lock\" > /dev/null\nif [ $? != 0 ] ; then\n    # print error to STDERR\n    echo \"error: The sandbox is not in sync with the Podfile.lock. Run 'pod install' or update your CocoaPods installation.\" >&2\n    exit 1\nfi\n# This output is used by Xcode 'outputs' to avoid re-running this script phase.\necho \"SUCCESS\" > \"${SCRIPT_OUTPUT_FILE_0}\"\n";
			showEnvVarsInLog = 0;
		};
		4D5B3F6F38BA5A474801CAA3 /* [CP] Embed Pods Frameworks */ = {
			isa = PBXShellScriptBuildPhase;
			buildActionMask = 2147483647;
			files = (
			);
			inputFileListPaths = (
				"${PODS_ROOT}/Target Support Files/Pods-WooYah-iOS/Pods-WooYah-iOS-frameworks-${CONFIGURATION}-input-files.xcfilelist",
			);
			name = "[CP] Embed Pods Frameworks";
			outputFileListPaths = (
				"${PODS_ROOT}/Target Support Files/Pods-WooYah-iOS/Pods-WooYah-iOS-frameworks-${CONFIGURATION}-output-files.xcfilelist",
			);
			runOnlyForDeploymentPostprocessing = 0;
			shellPath = /bin/sh;
			shellScript = "\"${PODS_ROOT}/Target Support Files/Pods-WooYah-iOS/Pods-WooYah-iOS-frameworks.sh\"\n";
			showEnvVarsInLog = 0;
		};
/* End PBXShellScriptBuildPhase section */

/* Begin PBXSourcesBuildPhase section */
		0952E4492AB02BB600AEA429 /* Sources */ = {
			isa = PBXSourcesBuildPhase;
			buildActionMask = 2147483647;
			files = (
				0952E4552AB02BB600AEA429 /* BaseViewController.swift in Sources */,
				0952E4512AB02BB600AEA429 /* AppDelegate.swift in Sources */,
				0952E4532AB02BB600AEA429 /* SceneDelegate.swift in Sources */,
			);
			runOnlyForDeploymentPostprocessing = 0;
		};
/* End PBXSourcesBuildPhase section */

/* Begin PBXVariantGroup section */
		0952E45B2AB02BBB00AEA429 /* LaunchScreen.storyboard */ = {
			isa = PBXVariantGroup;
			children = (
				0952E45C2AB02BBB00AEA429 /* Base */,
			);
			name = LaunchScreen.storyboard;
			sourceTree = "<group>";
		};
/* End PBXVariantGroup section */

/* Begin XCBuildConfiguration section */
		0952E45F2AB02BBB00AEA429 /* Debug */ = {
			isa = XCBuildConfiguration;
			buildSettings = {
				ALWAYS_SEARCH_USER_PATHS = NO;
				CLANG_ANALYZER_NONNULL = YES;
				CLANG_ANALYZER_NUMBER_OBJECT_CONVERSION = YES_AGGRESSIVE;
				CLANG_CXX_LANGUAGE_STANDARD = "gnu++20";
				CLANG_ENABLE_MODULES = YES;
				CLANG_ENABLE_OBJC_ARC = YES;
				CLANG_ENABLE_OBJC_WEAK = YES;
				CLANG_WARN_BLOCK_CAPTURE_AUTORELEASING = YES;
				CLANG_WARN_BOOL_CONVERSION = YES;
				CLANG_WARN_COMMA = YES;
				CLANG_WARN_CONSTANT_CONVERSION = YES;
				CLANG_WARN_DEPRECATED_OBJC_IMPLEMENTATIONS = YES;
				CLANG_WARN_DIRECT_OBJC_ISA_USAGE = YES_ERROR;
				CLANG_WARN_DOCUMENTATION_COMMENTS = YES;
				CLANG_WARN_EMPTY_BODY = YES;
				CLANG_WARN_ENUM_CONVERSION = YES;
				CLANG_WARN_INFINITE_RECURSION = YES;
				CLANG_WARN_INT_CONVERSION = YES;
				CLANG_WARN_NON_LITERAL_NULL_CONVERSION = YES;
				CLANG_WARN_OBJC_IMPLICIT_RETAIN_SELF = YES;
				CLANG_WARN_OBJC_LITERAL_CONVERSION = YES;
				CLANG_WARN_OBJC_ROOT_CLASS = YES_ERROR;
				CLANG_WARN_QUOTED_INCLUDE_IN_FRAMEWORK_HEADER = YES;
				CLANG_WARN_RANGE_LOOP_ANALYSIS = YES;
				CLANG_WARN_STRICT_PROTOTYPES = YES;
				CLANG_WARN_SUSPICIOUS_MOVE = YES;
				CLANG_WARN_UNGUARDED_AVAILABILITY = YES_AGGRESSIVE;
				CLANG_WARN_UNREACHABLE_CODE = YES;
				CLANG_WARN__DUPLICATE_METHOD_MATCH = YES;
				COPY_PHASE_STRIP = NO;
				DEBUG_INFORMATION_FORMAT = dwarf;
				ENABLE_STRICT_OBJC_MSGSEND = YES;
				ENABLE_TESTABILITY = YES;
				GCC_C_LANGUAGE_STANDARD = gnu11;
				GCC_DYNAMIC_NO_PIC = NO;
				GCC_NO_COMMON_BLOCKS = YES;
				GCC_OPTIMIZATION_LEVEL = 0;
				GCC_PREPROCESSOR_DEFINITIONS = (
					"DEBUG=1",
					"$(inherited)",
				);
				GCC_WARN_64_TO_32_BIT_CONVERSION = YES;
				GCC_WARN_ABOUT_RETURN_TYPE = YES_ERROR;
				GCC_WARN_UNDECLARED_SELECTOR = YES;
				GCC_WARN_UNINITIALIZED_AUTOS = YES_AGGRESSIVE;
				GCC_WARN_UNUSED_FUNCTION = YES;
				GCC_WARN_UNUSED_VARIABLE = YES;
				IPHONEOS_DEPLOYMENT_TARGET = 16.4;
				MTL_ENABLE_DEBUG_INFO = INCLUDE_SOURCE;
				MTL_FAST_MATH = YES;
				ONLY_ACTIVE_ARCH = YES;
				SDKROOT = iphoneos;
				SWIFT_ACTIVE_COMPILATION_CONDITIONS = DEBUG;
				SWIFT_OPTIMIZATION_LEVEL = "-Onone";
			};
			name = Debug;
		};
		0952E4602AB02BBB00AEA429 /* Release */ = {
			isa = XCBuildConfiguration;
			buildSettings = {
				ALWAYS_SEARCH_USER_PATHS = NO;
				CLANG_ANALYZER_NONNULL = YES;
				CLANG_ANALYZER_NUMBER_OBJECT_CONVERSION = YES_AGGRESSIVE;
				CLANG_CXX_LANGUAGE_STANDARD = "gnu++20";
				CLANG_ENABLE_MODULES = YES;
				CLANG_ENABLE_OBJC_ARC = YES;
				CLANG_ENABLE_OBJC_WEAK = YES;
				CLANG_WARN_BLOCK_CAPTURE_AUTORELEASING = YES;
				CLANG_WARN_BOOL_CONVERSION = YES;
				CLANG_WARN_COMMA = YES;
				CLANG_WARN_CONSTANT_CONVERSION = YES;
				CLANG_WARN_DEPRECATED_OBJC_IMPLEMENTATIONS = YES;
				CLANG_WARN_DIRECT_OBJC_ISA_USAGE = YES_ERROR;
				CLANG_WARN_DOCUMENTATION_COMMENTS = YES;
				CLANG_WARN_EMPTY_BODY = YES;
				CLANG_WARN_ENUM_CONVERSION = YES;
				CLANG_WARN_INFINITE_RECURSION = YES;
				CLANG_WARN_INT_CONVERSION = YES;
				CLANG_WARN_NON_LITERAL_NULL_CONVERSION = YES;
				CLANG_WARN_OBJC_IMPLICIT_RETAIN_SELF = YES;
				CLANG_WARN_OBJC_LITERAL_CONVERSION = YES;
				CLANG_WARN_OBJC_ROOT_CLASS = YES_ERROR;
				CLANG_WARN_QUOTED_INCLUDE_IN_FRAMEWORK_HEADER = YES;
				CLANG_WARN_RANGE_LOOP_ANALYSIS = YES;
				CLANG_WARN_STRICT_PROTOTYPES = YES;
				CLANG_WARN_SUSPICIOUS_MOVE = YES;
				CLANG_WARN_UNGUARDED_AVAILABILITY = YES_AGGRESSIVE;
				CLANG_WARN_UNREACHABLE_CODE = YES;
				CLANG_WARN__DUPLICATE_METHOD_MATCH = YES;
				COPY_PHASE_STRIP = NO;
				DEBUG_INFORMATION_FORMAT = "dwarf-with-dsym";
				ENABLE_NS_ASSERTIONS = NO;
				ENABLE_STRICT_OBJC_MSGSEND = YES;
				GCC_C_LANGUAGE_STANDARD = gnu11;
				GCC_NO_COMMON_BLOCKS = YES;
				GCC_WARN_64_TO_32_BIT_CONVERSION = YES;
				GCC_WARN_ABOUT_RETURN_TYPE = YES_ERROR;
				GCC_WARN_UNDECLARED_SELECTOR = YES;
				GCC_WARN_UNINITIALIZED_AUTOS = YES_AGGRESSIVE;
				GCC_WARN_UNUSED_FUNCTION = YES;
				GCC_WARN_UNUSED_VARIABLE = YES;
				IPHONEOS_DEPLOYMENT_TARGET = 16.4;
				MTL_ENABLE_DEBUG_INFO = NO;
				MTL_FAST_MATH = YES;
				SDKROOT = iphoneos;
				SWIFT_COMPILATION_MODE = wholemodule;
				SWIFT_OPTIMIZATION_LEVEL = "-O";
				VALIDATE_PRODUCT = YES;
			};
			name = Release;
		};
		0952E4622AB02BBB00AEA429 /* Debug */ = {
			isa = XCBuildConfiguration;
			baseConfigurationReference = 96172027C8B7DE7B6B6B5F5F /* Pods-WooYah-iOS.debug.xcconfig */;
			buildSettings = {
				ASSETCATALOG_COMPILER_APPICON_NAME = AppIcon;
				ASSETCATALOG_COMPILER_GLOBAL_ACCENT_COLOR_NAME = AccentColor;
				CODE_SIGN_STYLE = Automatic;
				CURRENT_PROJECT_VERSION = 1;
				DEVELOPMENT_TEAM = JA7UDVTQBU;
				GENERATE_INFOPLIST_FILE = YES;
				INFOPLIST_FILE = "WooYah-iOS/Info.plist";
				INFOPLIST_KEY_UIApplicationSupportsIndirectInputEvents = YES;
				INFOPLIST_KEY_UILaunchStoryboardName = LaunchScreen;
				INFOPLIST_KEY_UIMainStoryboardFile = Main;
				INFOPLIST_KEY_UISupportedInterfaceOrientations_iPad = "UIInterfaceOrientationPortrait UIInterfaceOrientationPortraitUpsideDown UIInterfaceOrientationLandscapeLeft UIInterfaceOrientationLandscapeRight";
				INFOPLIST_KEY_UISupportedInterfaceOrientations_iPhone = "UIInterfaceOrientationPortrait UIInterfaceOrientationLandscapeLeft UIInterfaceOrientationLandscapeRight";
				LD_RUNPATH_SEARCH_PATHS = (
					"$(inherited)",
					"@executable_path/Frameworks",
				);
				MARKETING_VERSION = 1.0;
				PRODUCT_BUNDLE_IDENTIFIER = "kr.co.LineJoin.WooYah-iOS";
				PRODUCT_NAME = "$(TARGET_NAME)";
				SWIFT_EMIT_LOC_STRINGS = YES;
				SWIFT_VERSION = 5.0;
				TARGETED_DEVICE_FAMILY = "1,2";
			};
			name = Debug;
		};
		0952E4632AB02BBB00AEA429 /* Release */ = {
			isa = XCBuildConfiguration;
			baseConfigurationReference = 66E2D6B28BC325A674F04AF3 /* Pods-WooYah-iOS.release.xcconfig */;
			buildSettings = {
				ASSETCATALOG_COMPILER_APPICON_NAME = AppIcon;
				ASSETCATALOG_COMPILER_GLOBAL_ACCENT_COLOR_NAME = AccentColor;
				CODE_SIGN_STYLE = Automatic;
				CURRENT_PROJECT_VERSION = 1;
				DEVELOPMENT_TEAM = JA7UDVTQBU;
				GENERATE_INFOPLIST_FILE = YES;
				INFOPLIST_FILE = "WooYah-iOS/Info.plist";
				INFOPLIST_KEY_UIApplicationSupportsIndirectInputEvents = YES;
				INFOPLIST_KEY_UILaunchStoryboardName = LaunchScreen;
				INFOPLIST_KEY_UIMainStoryboardFile = Main;
				INFOPLIST_KEY_UISupportedInterfaceOrientations_iPad = "UIInterfaceOrientationPortrait UIInterfaceOrientationPortraitUpsideDown UIInterfaceOrientationLandscapeLeft UIInterfaceOrientationLandscapeRight";
				INFOPLIST_KEY_UISupportedInterfaceOrientations_iPhone = "UIInterfaceOrientationPortrait UIInterfaceOrientationLandscapeLeft UIInterfaceOrientationLandscapeRight";
				LD_RUNPATH_SEARCH_PATHS = (
					"$(inherited)",
					"@executable_path/Frameworks",
				);
				MARKETING_VERSION = 1.0;
				PRODUCT_BUNDLE_IDENTIFIER = "kr.co.LineJoin.WooYah-iOS";
				PRODUCT_NAME = "$(TARGET_NAME)";
				SWIFT_EMIT_LOC_STRINGS = YES;
				SWIFT_VERSION = 5.0;
				TARGETED_DEVICE_FAMILY = "1,2";
			};
			name = Release;
		};
/* End XCBuildConfiguration section */

/* Begin XCConfigurationList section */
		0952E4482AB02BB600AEA429 /* Build configuration list for PBXProject "WooYah-iOS" */ = {
			isa = XCConfigurationList;
			buildConfigurations = (
				0952E45F2AB02BBB00AEA429 /* Debug */,
				0952E4602AB02BBB00AEA429 /* Release */,
			);
			defaultConfigurationIsVisible = 0;
			defaultConfigurationName = Release;
		};
		0952E4612AB02BBB00AEA429 /* Build configuration list for PBXNativeTarget "WooYah-iOS" */ = {
			isa = XCConfigurationList;
			buildConfigurations = (
				0952E4622AB02BBB00AEA429 /* Debug */,
				0952E4632AB02BBB00AEA429 /* Release */,
			);
			defaultConfigurationIsVisible = 0;
			defaultConfigurationName = Release;
		};
/* End XCConfigurationList section */
	};
	rootObject = 0952E4452AB02BB600AEA429 /* Project object */;
}
